
Microsoft Visual Studio Solution File, Format Version 12.00
Project("{FAE04EC0-301F-11D3-BF4B-00C04F79EFBC}") = "ViewBug", "ViewBug\ViewBug.csproj", "{B43EA78C-02CE-481B-BDD7-7AF70B9BE195}"
EndProject
Global
	GlobalSection(SolutionConfigurationPlatforms) = preSolution
		Debug|Any CPU = Debug|Any CPU
		Release|Any CPU = Release|Any CPU
	EndGlobalSection
	GlobalSection(ProjectConfigurationPlatforms) = postSolution
		{B43EA78C-02CE-481B-BDD7-7AF70B9BE195}.Debug|Any CPU.ActiveCfg = Debug|Any CPU
		{B43EA78C-02CE-481B-BDD7-7AF70B9BE195}.Debug|Any CPU.Build.0 = Debug|Any CPU
		{B43EA78C-02CE-481B-BDD7-7AF70B9BE195}.Release|Any CPU.ActiveCfg = Release|Any CPU
		{B43EA78C-02CE-481B-BDD7-7AF70B9BE195}.Release|Any CPU.Build.0 = Release|Any CPU
	EndGlobalSection
EndGlobal
